{
  "nodes": {
    "claude-code": {
      "inputs": {
        "nixpkgs": [
          "nixpkgs"
        ]
      },
      "locked": {
        "path": "./pkgs/claude-code",
        "type": "path"
      },
      "original": {
        "path": "./pkgs/claude-code",
        "type": "path"
      },
      "parent": []
    },
    "codex": {
      "inputs": {
        "nixpkgs": "nixpkgs"
      },
      "locked": {
        "path": "./pkgs/codex",
        "type": "path"
      },
      "original": {
        "path": "./pkgs/codex",
        "type": "path"
      },
      "parent": []
    },
    "home-manager": {
      "inputs": {
        "nixpkgs": [
          "nixpkgs"
        ]
      },
      "locked": {
        "lastModified": 1791227480,
        "narHash": "sha256-+lrD+sxc2RKUWXRBAcggn7uBCFeJgnV75jD/cz7gJRA=",
        "owner": "nix-community",
        "repo": "home-manager",
        "rev": "aa23f720d022187228bc264f759aef6b80233bcf",
        "type": "github"
      },
      "original": {
        "owner": "nix-community",
        "repo": "home-manager",
        "type": "github"
      }
    },
    "nixpkgs": {
      "locked": {
        "lastModified": 1777425547,
        "narHash": "sha256-d57AbflkNfZNoFaZDzssEq1RfPoM9dLtOGI2O+N/68Q=",
        "owner": "NixOS",
        "repo": "nixpkgs",
        "rev": "ebc08544afa77957cc348ba72dc490ec73b87f68",
        "type": "github"
      },
      "original": {
        "owner": "NixOS",
        "ref": "nixpkgs-unstable",
        "repo": "nixpkgs",
        "type": "github"
      }
    },
    "nixpkgs_2": {
      "locked": {
        "lastModified": 1791191277,
        "narHash": "sha256-i8KuaINOYLvB2oQikGvtRmdZRxATRxsI9Yad2pp7dEA=",
        "owner": "NixOS",
        "repo": "nixpkgs",
        "rev": "aa48d347080940b8a2b8d2f48228674e280a3514",
        "type": "github"
      },
      "original": {
        "owner": "NixOS",
        "ref": "nixpkgs-unstable",
        "repo": "nixpkgs",
        "type": "github"
      }
    },
    "root": {
      "inputs": {
        "claude-code": "claude-code",
        "codex": "codex",
        "home-manager": "home-manager",
        "nixpkgs": "nixpkgs_2"
      }
    }
  },
  "root": "root",
  "version": 7
}
